
Microsoft Visual Studio Solution File, Format Version 12.00
# Visual Studio 2012
Project("{8BC9CEB8-8B4A-11D0-8D11-00A0C91BC942}") = "PrecisionRecall", "PrecisionRecall\PrecisionRecall.vcxproj", "{1623BAB2-458D-4C1E-A247-F682BA872011}"
EndProject
Global
	GlobalSection(SolutionConfigurationPlatforms) = preSolution
		Debug|Win32 = Debug|Win32
		Release|Win32 = Release|Win32
	EndGlobalSection
	GlobalSection(ProjectConfigurationPlatforms) = postSolution
		{1623BAB2-458D-4C1E-A247-F682BA872011}.Debug|Win32.ActiveCfg = Debug|Win32
		{1623BAB2-458D-4C1E-A247-F682BA872011}.Debug|Win32.Build.0 = Debug|Win32
		{1623BAB2-458D-4C1E-A247-F682BA872011}.Release|Win32.ActiveCfg = Release|Win32
		{1623BAB2-458D-4C1E-A247-F682BA872011}.Release|Win32.Build.0 = Release|Win32
	EndGlobalSection
	GlobalSection(SolutionProperties) = preSolution
		HideSolutionNode = FALSE
	EndGlobalSection
EndGlobal
